{
  "name": "basic_informational_site",
  "version": "1.0.0",
  "lockfileVersion": 3,
  "requires": true,
  "packages": {
    "": {
      "name": "basic_informational_site",
      "version": "1.0.0",
      "license": "ISC",
      "dependencies": {
        "basic_informational_site": "file:"
      }
    },
    "node_modules/basic_informational_site": {
      "resolved": "",
      "link": true
    }
  }
}
